
Microsoft Visual Studio Solution File, Format Version 12.00
# Visual Studio Version 16
VisualStudioVersion = 16.0.30804.86
MinimumVisualStudioVersion = 10.0.40219.1
Project("{FAE04EC0-301F-11D3-BF4B-00C04F79EFBC}") = "krynkofibonacci", "krynkofibonacci.csproj", "{1CD93410-D0CE-4B25-9BCB-198B4DC65A5B}"
EndProject
Project("{FAE04EC0-301F-11D3-BF4B-00C04F79EFBC}") = "krynkofileword", "krynkofileword\krynkofileword.csproj", "{01A629A6-94AC-486A-8FA7-A60705404B33}"
EndProject
Global
	GlobalSection(SolutionConfigurationPlatforms) = preSolution
		Debug|Any CPU = Debug|Any CPU
		Release|Any CPU = Release|Any CPU
	EndGlobalSection
	GlobalSection(ProjectConfigurationPlatforms) = postSolution
		{1CD93410-D0CE-4B25-9BCB-198B4DC65A5B}.Debug|Any CPU.ActiveCfg = Debug|Any CPU
		{1CD93410-D0CE-4B25-9BCB-198B4DC65A5B}.Debug|Any CPU.Build.0 = Debug|Any CPU
		{1CD93410-D0CE-4B25-9BCB-198B4DC65A5B}.Release|Any CPU.ActiveCfg = Release|Any CPU
		{1CD93410-D0CE-4B25-9BCB-198B4DC65A5B}.Release|Any CPU.Build.0 = Release|Any CPU
		{01A629A6-94AC-486A-8FA7-A60705404B33}.Debug|Any CPU.ActiveCfg = Debug|Any CPU
		{01A629A6-94AC-486A-8FA7-A60705404B33}.Debug|Any CPU.Build.0 = Debug|Any CPU
		{01A629A6-94AC-486A-8FA7-A60705404B33}.Release|Any CPU.ActiveCfg = Release|Any CPU
		{01A629A6-94AC-486A-8FA7-A60705404B33}.Release|Any CPU.Build.0 = Release|Any CPU
	EndGlobalSection
	GlobalSection(SolutionProperties) = preSolution
		HideSolutionNode = FALSE
	EndGlobalSection
	GlobalSection(ExtensibilityGlobals) = postSolution
		SolutionGuid = {2C84409F-C7B5-48DC-A77F-30B924E14080}
	EndGlobalSection
EndGlobal
